<?xml version="1.0" encoding="utf-8"?>
<Project ToolsVersion="4.0" xmlns="http://schemas.microsoft.com/developer/msbuild/2003">
  <ItemGroup>
    <Filter Include="Source Files">
      <UniqueIdentifier>{772a4970-3167-4795-8cba-d6ea92a2e478}</UniqueIdentifier>
      <Extensions>cpp;c;cc;cxx;c++;cppm;ixx;def;odl;idl;hpj;bat;asm;asmx</Extensions>
    </Filter>
    <Filter Include="Header Files">
      <UniqueIdentifier>{6e127d67-d313-4460-83dc-74b654be4da8}</UniqueIdentifier>
      <Extensions>h;hh;hpp;hxx;h++;hm;inl;inc;ipp;xsd</Extensions>
    </Filter>
    <Filter Include="Resource Files">
      <UniqueIdentifier>{e7f44578-1288-49c8-ab05-4b871f8dd409}</UniqueIdentifier>
      <Extensions>rc;ico;cur;bmp;dlg;rc2;rct;bin;rgs;gif;jpg;jpeg;jpe;resx;tiff;tif;png;wav;mfcribbon-ms</Extensions>
    </Filter>
    <Filter Include="imgui">
      <UniqueIdentifier>{467de352-d692-44ac-90df-18972302874c}</UniqueIdentifier>
    </Filter>
    <Filter Include="Classes">
      <UniqueIdentifier>{41c6aec1-81bb-4f8e-8d35-b7189232d23f}</UniqueIdentifier>
    </Filter>
    <Filter Include="Shaders">
      <UniqueIdentifier>{7d7b30e7-7b1c-4c98-a258-44de3fb5d6bb}</UniqueIdentifier>
    </Filter>
    <Filter Include="imgui\implot">
      <UniqueIdentifier>{93abb20f-c9d4-4607-ae32-484e02059708}</UniqueIdentifier>
    </Filter>
  </ItemGroup>
  <ItemGroup>
    <ClCompile Include="main.cpp">
      <Filter>Source Files</Filter>
    </ClCompile>
    <ClCompile Include="$(SolutionDir)\libraries\imgui\imgui.cpp">
      <Filter>imgui</Filter>
    </ClCompile>
    <ClCompile Include="$(SolutionDir)\libraries\imgui\imgui_demo.cpp">
      <Filter>imgui</Filter>
    </ClCompile>
    <ClCompile Include="$(SolutionDir)\libraries\imgui\imgui_draw.cpp">
      <Filter>imgui</Filter>
    </ClCompile>
    <ClCompile Include="$(SolutionDir)\libraries\imgui\backends\imgui_impl_opengl3.cpp">
      <Filter>imgui</Filter>
    </ClCompile>
    <ClCompile Include="$(SolutionDir)\libraries\imgui\backends\imgui_impl_sdl2.cpp">
      <Filter>imgui</Filter>
    </ClCompile>
    <ClCompile Include="$(SolutionDir)\libraries\imgui\imgui_tables.cpp">
      <Filter>imgui</Filter>
    </ClCompile>
    <ClCompile Include="$(SolutionDir)\libraries\imgui\imgui_widgets.cpp">
      <Filter>imgui</Filter>
    </ClCompile>
    <ClCompile Include="GoKart.cpp">
      <Filter>Source Files</Filter>
    </ClCompile>
    <ClCompile Include="Universe.cpp">
      <Filter>Source Files</Filter>
    </ClCompile>
    <ClCompile Include="Noise.cpp">
      <Filter>Source Files</Filter>
    </ClCompile>
    <ClCompile Include="ShaderUtil.cpp">
      <Filter>Source Files</Filter>
    </ClCompile>
    <ClCompile Include="Controller.cpp">
      <Filter>Source Files</Filter>
    </ClCompile>
    <ClCompile Include="..\libraries\implot\implot.cpp">
      <Filter>imgui\implot</Filter>
    </ClCompile>
    <ClCompile Include="..\libraries\implot\implot_demo.cpp">
      <Filter>imgui\implot</Filter>
    </ClCompile>
    <ClCompile Include="..\libraries\implot\implot_items.cpp">
      <Filter>imgui\implot</Filter>
    </ClCompile>
    <ClCompile Include="characterisation.cpp">
      <Filter>Source Files</Filter>
    </ClCompile>
    <ClCompile Include="Transponder.cpp">
      <Filter>Source Files</Filter>
    </ClCompile>
    <ClCompile Include="utilities.cpp">
      <Filter>Source Files</Filter>
    </ClCompile>
  </ItemGroup>
  <ItemGroup>
    <ClInclude Include="main.h">
      <Filter>Header Files</Filter>
    </ClInclude>
    <ClInclude Include="$(SolutionDir)\libraries\imgui\imconfig.h">
      <Filter>imgui</Filter>
    </ClInclude>
    <ClInclude Include="$(SolutionDir)\libraries\imgui\imgui.h">
      <Filter>imgui</Filter>
    </ClInclude>
    <ClInclude Include="$(SolutionDir)\libraries\imgui\imgui_internal.h">
      <Filter>imgui</Filter>
    </ClInclude>
    <ClInclude Include="$(SolutionDir)\libraries\imgui\imstb_rectpack.h">
      <Filter>imgui</Filter>
    </ClInclude>
    <ClInclude Include="$(SolutionDir)\libraries\imgui\imstb_textedit.h">
      <Filter>imgui</Filter>
    </ClInclude>
    <ClInclude Include="$(SolutionDir)\libraries\imgui\imstb_truetype.h">
      <Filter>imgui</Filter>
    </ClInclude>
    <ClInclude Include="GoKart.h">
      <Filter>Classes</Filter>
    </ClInclude>
    <ClInclude Include="globals.h">
      <Filter>Header Files</Filter>
    </ClInclude>
    <ClInclude Include="Noise.h">
      <Filter>Classes</Filter>
    </ClInclude>
    <ClInclude Include="Universe.h">
      <Filter>Classes</Filter>
    </ClInclude>
    <ClInclude Include="ShaderUtil.h">
      <Filter>Classes</Filter>
    </ClInclude>
    <ClInclude Include="Controller.h">
      <Filter>Classes</Filter>
    </ClInclude>
    <ClInclude Include="..\libraries\implot\implot.h">
      <Filter>imgui\implot</Filter>
    </ClInclude>
    <ClInclude Include="..\libraries\implot\implot_internal.h">
      <Filter>imgui\implot</Filter>
    </ClInclude>
    <ClInclude Include="Transponder.h">
      <Filter>Classes</Filter>
    </ClInclude>
    <ClInclude Include="characterisation.h">
      <Filter>Header Files</Filter>
    </ClInclude>
    <ClInclude Include="utilities.h">
      <Filter>Header Files</Filter>
    </ClInclude>
  </ItemGroup>
  <ItemGroup>
    <None Include="vs.shader">
      <Filter>Shaders</Filter>
    </None>
    <None Include="fs.shader">
      <Filter>Shaders</Filter>
    </None>
  </ItemGroup>
</Project>